// !$*UTF8*$!
{
	archiveVersion = 1;
	classes = {
	};
	objectVersion = 77;
	objects = {

/* Begin PBXBuildFile section */
		79C37E7E3011167A00B647DD /* DesignSystem in Frameworks */ = {isa = PBXBuildFile; productRef = 79C37E7D3011167A00B647DD /* DesignSystem */; };
		79C37F70301127AC00B647DD /* Networking in Frameworks */ = {isa = PBXBuildFile; productRef = 79C37F6F301127AC00B647DD /* Networking */; };
/* End PBXBuildFile section */

/* Begin PBXContainerItemProxy section */
		79C37E0D30110C7200B647DD /* PBXContainerItemProxy */ = {
			isa = PBXContainerItemProxy;
			containerPortal = 79C37DF530110C6F00B647DD /* Project object */;
			proxyType = 1;
			remoteGlobalIDString = 79C37DFC30110C6F00B647DD;
			remoteInfo = blueprint;
		};
		79C37E1730110C7200B647DD /* PBXContainerItemProxy */ = {
			isa = PBXContainerItemProxy;
			containerPortal = 79C37DF530110C6F00B647DD /* Project object */;
			proxyType = 1;
			remoteGlobalIDString = 79C37DFC30110C6F00B647DD;
			remoteInfo = blueprint;
		};
/* End PBXContainerItemProxy section */

/* Begin PBXFileReference section */
		79C37DFD30110C6F00B647DD /* blueprint.app */ = {isa = PBXFileReference; explicitFileType = wrapper.application; includeInIndex = 0; path = blueprint.app; sourceTree = BUILT_PRODUCTS_DIR; };
		79C37E0C30110C7200B647DD /* blueprintTests.xctest */ = {isa = PBXFileReference; explicitFileType = wrapper.cfbundle; includeInIndex = 0; path = blueprintTests.xctest; sourceTree = BUILT_PRODUCTS_DIR; };
		79C37E1630110C7200B647DD /* blueprintUITests.xctest */ = {isa = PBXFileReference; explicitFileType = wrapper.cfbundle; includeInIndex = 0; path = blueprintUITests.xctest; sourceTree = BUILT_PRODUCTS_DIR; };
		F1829AC37E2F42758C748A74 /* Config.xcconfig */ = {isa = PBXFileReference; lastKnownFileType = text.xcconfig; path = Config.xcconfig; sourceTree = "<group>"; };
/* End PBXFileReference section */

/* Begin PBXFileSystemSynchronizedRootGroup section */
		79C37DFF30110C6F00B647DD /* blueprint */ = {
			isa = PBXFileSystemSynchronizedRootGroup;
			path = blueprint;
			sourceTree = "<group>";
		};
		79C37E0F30110C7200B647DD /* blueprintTests */ = {
			isa = PBXFileSystemSynchronizedRootGroup;
			path = blueprintTests;
			sourceTree = "<group>";
		};
		79C37E1930110C7200B647DD /* blueprintUITests */ = {
			isa = PBXFileSystemSynchronizedRootGroup;
			path = blueprintUITests;
			sourceTree = "<group>";
		};
/* End PBXFileSystemSynchronizedRootGroup section */

/* Begin PBXFrameworksBuildPhase section */
		79C37DFA30110C6F00B647DD /* Frameworks */ = {
			isa = PBXFrameworksBuildPhase;
			buildActionMask = 2147483647;
			files = (
				79C37F70301127AC00B647DD /* Networking in Frameworks */,
				79C37E7E3011167A00B647DD /* DesignSystem in Frameworks */,
			);
			runOnlyForDeploymentPostprocessing = 0;
		};
		79C37E0930110C7200B647DD /* Frameworks */ = {
			isa = PBXFrameworksBuildPhase;
			buildActionMask = 2147483647;
			files = (
			);
			runOnlyForDeploymentPostprocessing = 0;
		};
		79C37E1330110C7200B647DD /* Frameworks */ = {
			isa = PBXFrameworksBuildPhase;
			buildActionMask = 2147483647;
			files = (
			);
			runOnlyForDeploymentPostprocessing = 0;
		};
/* End PBXFrameworksBuildPhase section */

/* Begin PBXGroup section */
		79C37DF430110C6F00B647DD = {
			isa = PBXGroup;
			children = (
				F1829AC37E2F42758C748A74 /* Config.xcconfig */,
				79C37DFF30110C6F00B647DD /* blueprint */,
				79C37E0F30110C7200B647DD /* blueprintTests */,
				79C37E1930110C7200B647DD /* blueprintUITests */,
				79C37DFE30110C6F00B647DD /* Products */,
			);
			sourceTree = "<group>";
		};
		79C37DFE30110C6F00B647DD /* Products */ = {
			isa = PBXGroup;
			children = (
				79C37DFD30110C6F00B647DD /* blueprint.app */,
				79C37E0C30110C7200B647DD /* blueprintTests.xctest */,
				79C37E1630110C7200B647DD /* blueprintUITests.xctest */,
			);
			name = Products;
			sourceTree = "<group>";
		};
/* End PBXGroup section */

/* Begin PBXNativeTarget section */
		79C37DFC30110C6F00B647DD /* blueprint */ = {
			isa = PBXNativeTarget;
			buildConfigurationList = 79C37E2030110C7200B647DD /* Build configuration list for PBXNativeTarget "blueprint" */;
			buildPhases = (
				79C37DF930110C6F00B647DD /* Sources */,
				79C37DFA30110C6F00B647DD /* Frameworks */,
				79C37DFB30110C6F00B647DD /* Resources */,
			);
			buildRules = (
			);
			dependencies = (
			);
			fileSystemSynchronizedGroups = (
				79C37DFF30110C6F00B647DD /* blueprint */,
			);
			name = blueprint;
			packageProductDependencies = (
				79C37E7D3011167A00B647DD /* DesignSystem */,
				79C37F6F301127AC00B647DD /* Networking */,
			);
			productName = blueprint;
			productReference = 79C37DFD30110C6F00B647DD /* blueprint.app */;
			productType = "com.apple.product-type.application";
		};
		79C37E0B30110C7200B647DD /* blueprintTests */ = {
			isa = PBXNativeTarget;
			buildConfigurationList = 79C37E2330110C7200B647DD /* Build configuration list for PBXNativeTarget "blueprintTests" */;
			buildPhases = (
				79C37E0830110C7200B647DD /* Sources */,
				79C37E0930110C7200B647DD /* Frameworks */,
				79C37E0A30110C7200B647DD /* Resources */,
			);
			buildRules = (
			);
			dependencies = (
				79C37E0E30110C7200B647DD /* PBXTargetDependency */,
			);
			fileSystemSynchronizedGroups = (
				79C37E0F30110C7200B647DD /* blueprintTests */,
			);
			name = blueprintTests;
			packageProductDependencies = (
			);
			productName = blueprintTests;
			productReference = 79C37E0C30110C7200B647DD /* blueprintTests.xctest */;
			productType = "com.apple.product-type.bundle.unit-test";
		};
		79C37E1530110C7200B647DD /* blueprintUITests */ = {
			isa = PBXNativeTarget;
			buildConfigurationList = 79C37E2630110C7200B647DD /* Build configuration list for PBXNativeTarget "blueprintUITests" */;
			buildPhases = (
				79C37E1230110C7200B647DD /* Sources */,
				79C37E1330110C7200B647DD /* Frameworks */,
				79C37E1430110C7200B647DD /* Resources */,
			);
			buildRules = (
			);
			dependencies = (
				79C37E1830110C7200B647DD /* PBXTargetDependency */,
			);
			fileSystemSynchronizedGroups = (
				79C37E1930110C7200B647DD /* blueprintUITests */,
			);
			name = blueprintUITests;
			packageProductDependencies = (
			);
			productName = blueprintUITests;
			productReference = 79C37E1630110C7200B647DD /* blueprintUITests.xctest */;
			productType = "com.apple.product-type.bundle.ui-testing";
		};
/* End PBXNativeTarget section */

/* Begin PBXProject section */
		79C37DF530110C6F00B647DD /* Project object */ = {
			isa = PBXProject;
			attributes = {
				BuildIndependentTargetsInParallel = 1;
				LastSwiftUpdateCheck = 2620;
				LastUpgradeCheck = 2620;
				TargetAttributes = {
					79C37DFC30110C6F00B647DD = {
						CreatedOnToolsVersion = 26.2;
					};
					79C37E0B30110C7200B647DD = {
						CreatedOnToolsVersion = 26.2;
						TestTargetID = 79C37DFC30110C6F00B647DD;
					};
					79C37E1530110C7200B647DD = {
						CreatedOnToolsVersion = 26.2;
						TestTargetID = 79C37DFC30110C6F00B647DD;
					};
				};
			};
			buildConfigurationList = 79C37DF830110C6F00B647DD /* Build configuration list for PBXProject "blueprint" */;
			developmentRegion = en;
			hasScannedForEncodings = 0;
			knownRegions = (
				en,
				Base,
			);
			mainGroup = 79C37DF430110C6F00B647DD;
			minimizedProjectReferenceProxies = 1;
			packageReferences = (
				79C37E46301113F400B647DD /* XCLocalSwiftPackageReference "Packages/DesignSystem" */,
				79C37F6E301127AC00B647DD /* XCLocalSwiftPackageReference "Packages/Networking" */,
			);
			preferredProjectObjectVersion = 77;
			productRefGroup = 79C37DFE30110C6F00B647DD /* Products */;
			projectDirPath = "";
			projectRoot = "";
			targets = (
				79C37DFC30110C6F00B647DD /* blueprint */,
				79C37E0B30110C7200B647DD /* blueprintTests */,
				79C37E1530110C7200B647DD /* blueprintUITests */,
			);
		};
/* End PBXProject section */

/* Begin PBXResourcesBuildPhase section */
		79C37DFB30110C6F00B647DD /* Resources */ = {
			isa = PBXResourcesBuildPhase;
			buildActionMask = 2147483647;
			files = (
			);
			runOnlyForDeploymentPostprocessing = 0;
		};
		79C37E0A30110C7200B647DD /* Resources */ = {
			isa = PBXResourcesBuildPhase;
			buildActionMask = 2147483647;
			files = (
			);
			runOnlyForDeploymentPostprocessing = 0;
		};
		79C37E1430110C7200B647DD /* Resources */ = {
			isa = PBXResourcesBuildPhase;
			buildActionMask = 2147483647;
			files = (
			);
			runOnlyForDeploymentPostprocessing = 0;
		};
/* End PBXResourcesBuildPhase section */

/* Begin PBXSourcesBuildPhase section */
		79C37DF930110C6F00B647DD /* Sources */ = {
			isa = PBXSourcesBuildPhase;
			buildActionMask = 2147483647;
			files = (
			);
			runOnlyForDeploymentPostprocessing = 0;
		};
		79C37E0830110C7200B647DD /* Sources */ = {
			isa = PBXSourcesBuildPhase;
			buildActionMask = 2147483647;
			files = (
			);
			runOnlyForDeploymentPostprocessing = 0;
		};
		79C37E1230110C7200B647DD /* Sources */ = {
			isa = PBXSourcesBuildPhase;
			buildActionMask = 2147483647;
			files = (
			);
			runOnlyForDeploymentPostprocessing = 0;
		};
/* End PBXSourcesBuildPhase section */

/* Begin PBXTargetDependency section */
		79C37E0E30110C7200B647DD /* PBXTargetDependency */ = {
			isa = PBXTargetDependency;
			target = 79C37DFC30110C6F00B647DD /* blueprint */;
			targetProxy = 79C37E0D30110C7200B647DD /* PBXContainerItemProxy */;
		};
		79C37E1830110C7200B647DD /* PBXTargetDependency */ = {
			isa = PBXTargetDependency;
			target = 79C37DFC30110C6F00B647DD /* blueprint */;
			targetProxy = 79C37E1730110C7200B647DD /* PBXContainerItemProxy */;
		};
/* End PBXTargetDependency section */

/* Begin XCBuildConfiguration section */
		79C37E1E30110C7200B647DD /* Debug */ = {
			isa = XCBuildConfiguration;
			buildSettings = {
				ALWAYS_SEARCH_USER_PATHS = NO;
				ASSETCATALOG_COMPILER_GENERATE_SWIFT_ASSET_SYMBOL_EXTENSIONS = YES;
				CLANG_ANALYZER_NONNULL = YES;
				CLANG_ANALYZER_NUMBER_OBJECT_CONVERSION = YES_AGGRESSIVE;
				CLANG_CXX_LANGUAGE_STANDARD = "gnu++20";
				CLANG_ENABLE_MODULES = YES;
				CLANG_ENABLE_OBJC_ARC = YES;
				CLANG_ENABLE_OBJC_WEAK = YES;
				CLANG_WARN_BLOCK_CAPTURE_AUTORELEASING = YES;
				CLANG_WARN_BOOL_CONVERSION = YES;
				CLANG_WARN_COMMA = YES;
				CLANG_WARN_CONSTANT_CONVERSION = YES;
				CLANG_WARN_DEPRECATED_OBJC_IMPLEMENTATIONS = YES;
				CLANG_WARN_DIRECT_OBJC_ISA_USAGE = YES_ERROR;
				CLANG_WARN_DOCUMENTATION_COMMENTS = YES;
				CLANG_WARN_EMPTY_BODY = YES;
				CLANG_WARN_ENUM_CONVERSION = YES;
				CLANG_WARN_INFINITE_RECURSION = YES;
				CLANG_WARN_INT_CONVERSION = YES;
				CLANG_WARN_NON_LITERAL_NULL_CONVERSION = YES;
				CLANG_WARN_OBJC_IMPLICIT_RETAIN_SELF = YES;
				CLANG_WARN_OBJC_LITERAL_CONVERSION = YES;
				CLANG_WARN_OBJC_ROOT_CLASS = YES_ERROR;
				CLANG_WARN_QUOTED_INCLUDE_IN_FRAMEWORK_HEADER = YES;
				CLANG_WARN_RANGE_LOOP_ANALYSIS = YES;
				CLANG_WARN_STRICT_PROTOTYPES = YES;
				CLANG_WARN_SUSPICIOUS_MOVE = YES;
				CLANG_WARN_UNGUARDED_AVAILABILITY = YES_AGGRESSIVE;
				CLANG_WARN_UNREACHABLE_CODE = YES;
				CLANG_WARN__DUPLICATE_METHOD_MATCH = YES;
				COPY_PHASE_STRIP = NO;
				DEBUG_INFORMATION_FORMAT = dwarf;
				DEVELOPMENT_TEAM = YM283LC5H4;
				ENABLE_STRICT_OBJC_MSGSEND = YES;
				ENABLE_TESTABILITY = YES;
				ENABLE_USER_SCRIPT_SANDBOXING = YES;
				GCC_C_LANGUAGE_STANDARD = gnu17;
				GCC_DYNAMIC_NO_PIC = NO;
				GCC_NO_COMMON_BLOCKS = YES;
				GCC_OPTIMIZATION_LEVEL = 0;
				GCC_PREPROCESSOR_DEFINITIONS = (
					"DEBUG=1",
					"$(inherited)",
				);
				GCC_WARN_64_TO_32_BIT_CONVERSION = YES;
				GCC_WARN_ABOUT_RETURN_TYPE = YES_ERROR;
				GCC_WARN_UNDECLARED_SELECTOR = YES;
				GCC_WARN_UNINITIALIZED_AUTOS = YES_AGGRESSIVE;
				GCC_WARN_UNUSED_FUNCTION = YES;
				GCC_WARN_UNUSED_VARIABLE = YES;
				IPHONEOS_DEPLOYMENT_TARGET = 26.2;
				LOCALIZATION_PREFERS_STRING_CATALOGS = YES;
				MTL_ENABLE_DEBUG_INFO = INCLUDE_SOURCE;
				MTL_FAST_MATH = YES;
				ONLY_ACTIVE_ARCH = YES;
				SDKROOT = iphoneos;
				SWIFT_ACTIVE_COMPILATION_CONDITIONS = "DEBUG $(inherited)";
				SWIFT_OPTIMIZATION_LEVEL = "-Onone";
			};
			name = Debug;
		};
		79C37E1F30110C7200B647DD /* Release */ = {
			isa = XCBuildConfiguration;
			buildSettings = {
				ALWAYS_SEARCH_USER_PATHS = NO;
				ASSETCATALOG_COMPILER_GENERATE_SWIFT_ASSET_SYMBOL_EXTENSIONS = YES;
				CLANG_ANALYZER_NONNULL = YES;
				CLANG_ANALYZER_NUMBER_OBJECT_CONVERSION = YES_AGGRESSIVE;
				CLANG_CXX_LANGUAGE_STANDARD = "gnu++20";
				CLANG_ENABLE_MODULES = YES;
				CLANG_ENABLE_OBJC_ARC = YES;
				CLANG_ENABLE_OBJC_WEAK = YES;
				CLANG_WARN_BLOCK_CAPTURE_AUTORELEASING = YES;
				CLANG_WARN_BOOL_CONVERSION = YES;
				CLANG_WARN_COMMA = YES;
				CLANG_WARN_CONSTANT_CONVERSION = YES;
				CLANG_WARN_DEPRECATED_OBJC_IMPLEMENTATIONS = YES;
				CLANG_WARN_DIRECT_OBJC_ISA_USAGE = YES_ERROR;
				CLANG_WARN_DOCUMENTATION_COMMENTS = YES;
				CLANG_WARN_EMPTY_BODY = YES;
				CLANG_WARN_ENUM_CONVERSION = YES;
				CLANG_WARN_INFINITE_RECURSION = YES;
				CLANG_WARN_INT_CONVERSION = YES;
				CLANG_WARN_NON_LITERAL_NULL_CONVERSION = YES;
				CLANG_WARN_OBJC_IMPLICIT_RETAIN_SELF = YES;
				CLANG_WARN_OBJC_LITERAL_CONVERSION = YES;
				CLANG_WARN_OBJC_ROOT_CLASS = YES_ERROR;
				CLANG_WARN_QUOTED_INCLUDE_IN_FRAMEWORK_HEADER = YES;
				CLANG_WARN_RANGE_LOOP_ANALYSIS = YES;
				CLANG_WARN_STRICT_PROTOTYPES = YES;
				CLANG_WARN_SUSPICIOUS_MOVE = YES;
				CLANG_WARN_UNGUARDED_AVAILABILITY = YES_AGGRESSIVE;
				CLANG_WARN_UNREACHABLE_CODE = YES;
				CLANG_WARN__DUPLICATE_METHOD_MATCH = YES;
				COPY_PHASE_STRIP = NO;
				DEBUG_INFORMATION_FORMAT = "dwarf-with-dsym";
				DEVELOPMENT_TEAM = YM283LC5H4;
				ENABLE_NS_ASSERTIONS = NO;
				ENABLE_STRICT_OBJC_MSGSEND = YES;
				ENABLE_USER_SCRIPT_SANDBOXING = YES;
				GCC_C_LANGUAGE_STANDARD = gnu17;
				GCC_NO_COMMON_BLOCKS = YES;
				GCC_WARN_64_TO_32_BIT_CONVERSION = YES;
				GCC_WARN_ABOUT_RETURN_TYPE = YES_ERROR;
				GCC_WARN_UNDECLARED_SELECTOR = YES;
				GCC_WARN_UNINITIALIZED_AUTOS = YES_AGGRESSIVE;
				GCC_WARN_UNUSED_FUNCTION = YES;
				GCC_WARN_UNUSED_VARIABLE = YES;
				IPHONEOS_DEPLOYMENT_TARGET = 26.2;
				LOCALIZATION_PREFERS_STRING_CATALOGS = YES;
				MTL_ENABLE_DEBUG_INFO = NO;
				MTL_FAST_MATH = YES;
				SDKROOT = iphoneos;
				SWIFT_COMPILATION_MODE = wholemodule;
				VALIDATE_PRODUCT = YES;
			};
			name = Release;
		};
		79C37E2130110C7200B647DD /* Debug */ = {
			isa = XCBuildConfiguration;
			baseConfigurationReference = F1829AC37E2F42758C748A74 /* Config.xcconfig */;
			buildSettings = {
				ASSETCATALOG_COMPILER_APPICON_NAME = AppIcon;
				ASSETCATALOG_COMPILER_GLOBAL_ACCENT_COLOR_NAME = AccentColor;
				CODE_SIGN_STYLE = Automatic;
				CURRENT_PROJECT_VERSION = 1;
				DEVELOPMENT_TEAM = YM283LC5H4;
				ENABLE_PREVIEWS = YES;
				GENERATE_INFOPLIST_FILE = YES;
				INFOPLIST_KEY_GeoapifyAPIKey = "$(GEOAPIFY_API_KEY)";
				INFOPLIST_KEY_NSLocationAlwaysAndWhenInUseUsageDescription = "Discover uses your location to find nearby places";
				INFOPLIST_KEY_NSLocationWhenInUseUsageDescription = "Discover uses your location to find nearby places";
				INFOPLIST_KEY_UIApplicationSceneManifest_Generation = YES;
				INFOPLIST_KEY_UIApplicationSupportsIndirectInputEvents = YES;
				INFOPLIST_KEY_UILaunchScreen_Generation = YES;
				INFOPLIST_KEY_UISupportedInterfaceOrientations_iPad = "UIInterfaceOrientationPortrait UIInterfaceOrientationPortraitUpsideDown UIInterfaceOrientationLandscapeLeft UIInterfaceOrientationLandscapeRight";
				INFOPLIST_KEY_UISupportedInterfaceOrientations_iPhone = "UIInterfaceOrientationPortrait UIInterfaceOrientationLandscapeLeft UIInterfaceOrientationLandscapeRight";
				LD_RUNPATH_SEARCH_PATHS = (
					"$(inherited)",
					"@executable_path/Frameworks",
				);
				MARKETING_VERSION = 1.0;
				PRODUCT_BUNDLE_IDENTIFIER = dev.luizmello.blueprint;
				PRODUCT_NAME = "$(TARGET_NAME)";
				STRING_CATALOG_GENERATE_SYMBOLS = YES;
				SUPPORTED_PLATFORMS = "iphoneos iphonesimulator";
				SUPPORTS_MACCATALYST = NO;
				SUPPORTS_MAC_DESIGNED_FOR_IPHONE_IPAD = NO;
				SUPPORTS_XR_DESIGNED_FOR_IPHONE_IPAD = NO;
				SWIFT_APPROACHABLE_CONCURRENCY = YES;
				SWIFT_DEFAULT_ACTOR_ISOLATION = MainActor;
				SWIFT_EMIT_LOC_STRINGS = YES;
				SWIFT_UPCOMING_FEATURE_MEMBER_IMPORT_VISIBILITY = YES;
				SWIFT_VERSION = 5.0;
				TARGETED_DEVICE_FAMILY = "1,2";
			};
			name = Debug;
		};
		79C37E2230110C7200B647DD /* Release */ = {
			isa = XCBuildConfiguration;
			baseConfigurationReference = F1829AC37E2F42758C748A74 /* Config.xcconfig */;
			buildSettings = {
				ASSETCATALOG_COMPILER_APPICON_NAME = AppIcon;
				ASSETCATALOG_COMPILER_GLOBAL_ACCENT_COLOR_NAME = AccentColor;
				CODE_SIGN_STYLE = Automatic;
				CURRENT_PROJECT_VERSION = 1;
				DEVELOPMENT_TEAM = YM283LC5H4;
				ENABLE_PREVIEWS = YES;
				GENERATE_INFOPLIST_FILE = YES;
				INFOPLIST_KEY_GeoapifyAPIKey = "$(GEOAPIFY_API_KEY)";
				INFOPLIST_KEY_NSLocationAlwaysAndWhenInUseUsageDescription = "Discover uses your location to find nearby places";
				INFOPLIST_KEY_NSLocationWhenInUseUsageDescription = "Discover uses your location to find nearby places";
				INFOPLIST_KEY_UIApplicationSceneManifest_Generation = YES;
				INFOPLIST_KEY_UIApplicationSupportsIndirectInputEvents = YES;
				INFOPLIST_KEY_UILaunchScreen_Generation = YES;
				INFOPLIST_KEY_UISupportedInterfaceOrientations_iPad = "UIInterfaceOrientationPortrait UIInterfaceOrientationPortraitUpsideDown UIInterfaceOrientationLandscapeLeft UIInterfaceOrientationLandscapeRight";
				INFOPLIST_KEY_UISupportedInterfaceOrientations_iPhone = "UIInterfaceOrientationPortrait UIInterfaceOrientationLandscapeLeft UIInterfaceOrientationLandscapeRight";
				LD_RUNPATH_SEARCH_PATHS = (
					"$(inherited)",
					"@executable_path/Frameworks",
				);
				MARKETING_VERSION = 1.0;
				PRODUCT_BUNDLE_IDENTIFIER = dev.luizmello.blueprint;
				PRODUCT_NAME = "$(TARGET_NAME)";
				STRING_CATALOG_GENERATE_SYMBOLS = YES;
				SUPPORTED_PLATFORMS = "iphoneos iphonesimulator";
				SUPPORTS_MACCATALYST = NO;
				SUPPORTS_MAC_DESIGNED_FOR_IPHONE_IPAD = NO;
				SUPPORTS_XR_DESIGNED_FOR_IPHONE_IPAD = NO;
				SWIFT_APPROACHABLE_CONCURRENCY = YES;
				SWIFT_DEFAULT_ACTOR_ISOLATION = MainActor;
				SWIFT_EMIT_LOC_STRINGS = YES;
				SWIFT_UPCOMING_FEATURE_MEMBER_IMPORT_VISIBILITY = YES;
				SWIFT_VERSION = 5.0;
				TARGETED_DEVICE_FAMILY = "1,2";
			};
			name = Release;
		};
		79C37E2430110C7200B647DD /* Debug */ = {
			isa = XCBuildConfiguration;
			buildSettings = {
				BUNDLE_LOADER = "$(TEST_HOST)";
				CODE_SIGN_STYLE = Automatic;
				CURRENT_PROJECT_VERSION = 1;
				DEVELOPMENT_TEAM = YM283LC5H4;
				GENERATE_INFOPLIST_FILE = YES;
				IPHONEOS_DEPLOYMENT_TARGET = 26.2;
				MARKETING_VERSION = 1.0;
				PRODUCT_BUNDLE_IDENTIFIER = dev.luizmello.blueprintTests;
				PRODUCT_NAME = "$(TARGET_NAME)";
				STRING_CATALOG_GENERATE_SYMBOLS = NO;
				SWIFT_APPROACHABLE_CONCURRENCY = YES;
				SWIFT_EMIT_LOC_STRINGS = NO;
				SWIFT_UPCOMING_FEATURE_MEMBER_IMPORT_VISIBILITY = YES;
				SWIFT_VERSION = 5.0;
				TARGETED_DEVICE_FAMILY = "1,2";
				TEST_HOST = "$(BUILT_PRODUCTS_DIR)/blueprint.app/$(BUNDLE_EXECUTABLE_FOLDER_PATH)/blueprint";
			};
			name = Debug;
		};
		79C37E2530110C7200B647DD /* Release */ = {
			isa = XCBuildConfiguration;
			buildSettings = {
				BUNDLE_LOADER = "$(TEST_HOST)";
				CODE_SIGN_STYLE = Automatic;
				CURRENT_PROJECT_VERSION = 1;
				DEVELOPMENT_TEAM = YM283LC5H4;
				GENERATE_INFOPLIST_FILE = YES;
				IPHONEOS_DEPLOYMENT_TARGET = 26.2;
				MARKETING_VERSION = 1.0;
				PRODUCT_BUNDLE_IDENTIFIER = dev.luizmello.blueprintTests;
				PRODUCT_NAME = "$(TARGET_NAME)";
				STRING_CATALOG_GENERATE_SYMBOLS = NO;
				SWIFT_APPROACHABLE_CONCURRENCY = YES;
				SWIFT_EMIT_LOC_STRINGS = NO;
				SWIFT_UPCOMING_FEATURE_MEMBER_IMPORT_VISIBILITY = YES;
				SWIFT_VERSION = 5.0;
				TARGETED_DEVICE_FAMILY = "1,2";
				TEST_HOST = "$(BUILT_PRODUCTS_DIR)/blueprint.app/$(BUNDLE_EXECUTABLE_FOLDER_PATH)/blueprint";
			};
			name = Release;
		};
		79C37E2730110C7200B647DD /* Debug */ = {
			isa = XCBuildConfiguration;
			buildSettings = {
				CODE_SIGN_STYLE = Automatic;
				CURRENT_PROJECT_VERSION = 1;
				DEVELOPMENT_TEAM = YM283LC5H4;
				GENERATE_INFOPLIST_FILE = YES;
				MARKETING_VERSION = 1.0;
				PRODUCT_BUNDLE_IDENTIFIER = dev.luizmello.blueprintUITests;
				PRODUCT_NAME = "$(TARGET_NAME)";
				STRING_CATALOG_GENERATE_SYMBOLS = NO;
				SWIFT_APPROACHABLE_CONCURRENCY = YES;
				SWIFT_EMIT_LOC_STRINGS = NO;
				SWIFT_UPCOMING_FEATURE_MEMBER_IMPORT_VISIBILITY = YES;
				SWIFT_VERSION = 5.0;
				TARGETED_DEVICE_FAMILY = "1,2";
				TEST_TARGET_NAME = blueprint;
			};
			name = Debug;
		};
		79C37E2830110C7200B647DD /* Release */ = {
			isa = XCBuildConfiguration;
			buildSettings = {
				CODE_SIGN_STYLE = Automatic;
				CURRENT_PROJECT_VERSION = 1;
				DEVELOPMENT_TEAM = YM283LC5H4;
				GENERATE_INFOPLIST_FILE = YES;
				MARKETING_VERSION = 1.0;
				PRODUCT_BUNDLE_IDENTIFIER = dev.luizmello.blueprintUITests;
				PRODUCT_NAME = "$(TARGET_NAME)";
				STRING_CATALOG_GENERATE_SYMBOLS = NO;
				SWIFT_APPROACHABLE_CONCURRENCY = YES;
				SWIFT_EMIT_LOC_STRINGS = NO;
				SWIFT_UPCOMING_FEATURE_MEMBER_IMPORT_VISIBILITY = YES;
				SWIFT_VERSION = 5.0;
				TARGETED_DEVICE_FAMILY = "1,2";
				TEST_TARGET_NAME = blueprint;
			};
			name = Release;
		};
/* End XCBuildConfiguration section */

/* Begin XCConfigurationList section */
		79C37DF830110C6F00B647DD /* Build configuration list for PBXProject "blueprint" */ = {
			isa = XCConfigurationList;
			buildConfigurations = (
				79C37E1E30110C7200B647DD /* Debug */,
				79C37E1F30110C7200B647DD /* Release */,
			);
			defaultConfigurationIsVisible = 0;
			defaultConfigurationName = Release;
		};
		79C37E2030110C7200B647DD /* Build configuration list for PBXNativeTarget "blueprint" */ = {
			isa = XCConfigurationList;
			buildConfigurations = (
				79C37E2130110C7200B647DD /* Debug */,
				79C37E2230110C7200B647DD /* Release */,
			);
			defaultConfigurationIsVisible = 0;
			defaultConfigurationName = Release;
		};
		79C37E2330110C7200B647DD /* Build configuration list for PBXNativeTarget "blueprintTests" */ = {
			isa = XCConfigurationList;
			buildConfigurations = (
				79C37E2430110C7200B647DD /* Debug */,
				79C37E2530110C7200B647DD /* Release */,
			);
			defaultConfigurationIsVisible = 0;
			defaultConfigurationName = Release;
		};
		79C37E2630110C7200B647DD /* Build configuration list for PBXNativeTarget "blueprintUITests" */ = {
			isa = XCConfigurationList;
			buildConfigurations = (
				79C37E2730110C7200B647DD /* Debug */,
				79C37E2830110C7200B647DD /* Release */,
			);
			defaultConfigurationIsVisible = 0;
			defaultConfigurationName = Release;
		};
/* End XCConfigurationList section */

/* Begin XCLocalSwiftPackageReference section */
		79C37E46301113F400B647DD /* XCLocalSwiftPackageReference "Packages/DesignSystem" */ = {
			isa = XCLocalSwiftPackageReference;
			relativePath = Packages/DesignSystem;
		};
		79C37F6E301127AC00B647DD /* XCLocalSwiftPackageReference "Packages/Networking" */ = {
			isa = XCLocalSwiftPackageReference;
			relativePath = Packages/Networking;
		};
/* End XCLocalSwiftPackageReference section */

/* Begin XCSwiftPackageProductDependency section */
		79C37E7D3011167A00B647DD /* DesignSystem */ = {
			isa = XCSwiftPackageProductDependency;
			package = 79C37E46301113F400B647DD /* XCLocalSwiftPackageReference "Packages/DesignSystem" */;
			productName = DesignSystem;
		};
		79C37F6F301127AC00B647DD /* Networking */ = {
			isa = XCSwiftPackageProductDependency;
			productName = Networking;
		};
/* End XCSwiftPackageProductDependency section */
	};
	rootObject = 79C37DF530110C6F00B647DD /* Project object */;
}
